
Microsoft Visual Studio Solution File, Format Version 12.00
# Visual Studio Version 17
VisualStudioVersion = 17.12.35514.174 d17.12
MinimumVisualStudioVersion = 10.0.40219.1
Project("{FAE04EC0-301F-11D3-BF4B-00C04F79EFBC}") = "WPF_HW4", "WPF_HW4\WPF_HW4.csproj", "{69A3DFD3-0DA2-49A6-B7E4-DB82566F9D8D}"
EndProject
Global
	GlobalSection(SolutionConfigurationPlatforms) = preSolution
		Debug|Any CPU = Debug|Any CPU
		Release|Any CPU = Release|Any CPU
	EndGlobalSection
	GlobalSection(ProjectConfigurationPlatforms) = postSolution
		{69A3DFD3-0DA2-49A6-B7E4-DB82566F9D8D}.Debug|Any CPU.ActiveCfg = Debug|Any CPU
		{69A3DFD3-0DA2-49A6-B7E4-DB82566F9D8D}.Debug|Any CPU.Build.0 = Debug|Any CPU
		{69A3DFD3-0DA2-49A6-B7E4-DB82566F9D8D}.Release|Any CPU.ActiveCfg = Release|Any CPU
		{69A3DFD3-0DA2-49A6-B7E4-DB82566F9D8D}.Release|Any CPU.Build.0 = Release|Any CPU
	EndGlobalSection
	GlobalSection(SolutionProperties) = preSolution
		HideSolutionNode = FALSE
	EndGlobalSection
EndGlobal
